Microsoft Visual Studio Solution File, Format Version 12.00
# Visual Studio Version 17
VisualStudioVersion = 17.5.2.0
MinimumVisualStudioVersion = 10.0.40219.1
Project("{FAE04EC0-301F-11D3-BF4B-00C04F79EFBC}") = "Semana3_RegistroEstudiante", "Semana3_RegistroEstudiante.csproj", "{6231F074-D735-6D91-AC2A-F1BC9631434F}"
EndProject
Global
	GlobalSection(SolutionConfigurationPlatforms) = preSolution
		Debug|Any CPU = Debug|Any CPU
		Release|Any CPU = Release|Any CPU
	EndGlobalSection
	GlobalSection(ProjectConfigurationPlatforms) = postSolution
		{6231F074-D735-6D91-AC2A-F1BC9631434F}.Debug|Any CPU.ActiveCfg = Debug|Any CPU
		{6231F074-D735-6D91-AC2A-F1BC9631434F}.Debug|Any CPU.Build.0 = Debug|Any CPU
		{6231F074-D735-6D91-AC2A-F1BC9631434F}.Release|Any CPU.ActiveCfg = Release|Any CPU
		{6231F074-D735-6D91-AC2A-F1BC9631434F}.Release|Any CPU.Build.0 = Release|Any CPU
	EndGlobalSection
	GlobalSection(SolutionProperties) = preSolution
		HideSolutionNode = FALSE
	EndGlobalSection
	GlobalSection(ExtensibilityGlobals) = postSolution
		SolutionGuid = {57E092D1-148B-4975-8BF8-74333CD5944C}
	EndGlobalSection
EndGlobal
